{
  "originHash" : "d1e93a34548e52471d1bae1a13d00f9d068bc2ced07401705c8c98a43e1aeeca",
  "pins" : [
    {
      "identity" : "dominantcolors",
      "kind" : "remoteSourceControl",
      "location" : "https://github.com/DenDmitriev/DominantColors",
      "state" : {
        "revision" : "a05327d36092c47e9ddc77ce565eb35a5b4a4a6e",
        "version" : "1.2.2"
      }
    },
    {
      "identity" : "ios-sdk",
      "kind" : "remoteSourceControl",
      "location" : "https://github.com/spotify/ios-sdk",
      "state" : {
        "branch" : "master",
        "revision" : "0b3e54771738ad5e64f22c8e5e19ca76d6becc6c"
      }
    }
  ],
  "version" : 3
}
